
Microsoft Visual Studio Solution File, Format Version 12.00
# Visual Studio Version 17
VisualStudioVersion = 17.0.31903.59
MinimumVisualStudioVersion = 10.0.40219.1
Project("{FAE04EC0-301F-11D3-BF4B-00C04F79EFBC}") = "CheckoutLibrary", "CheckoutLibrary\CheckoutLibrary.csproj", "{F06BA399-7C5B-47D3-A02A-E13A4434EE05}"
EndProject
Project("{FAE04EC0-301F-11D3-BF4B-00C04F79EFBC}") = "CheckoutTests", "CheckoutTests\CheckoutTests.csproj", "{879B5E5F-7A4D-4264-9778-B6B064C0E28F}"
EndProject
Global
	GlobalSection(SolutionConfigurationPlatforms) = preSolution
		Debug|Any CPU = Debug|Any CPU
		Release|Any CPU = Release|Any CPU
	EndGlobalSection
	GlobalSection(SolutionProperties) = preSolution
		HideSolutionNode = FALSE
	EndGlobalSection
	GlobalSection(ProjectConfigurationPlatforms) = postSolution
		{F06BA399-7C5B-47D3-A02A-E13A4434EE05}.Debug|Any CPU.ActiveCfg = Debug|Any CPU
		{F06BA399-7C5B-47D3-A02A-E13A4434EE05}.Debug|Any CPU.Build.0 = Debug|Any CPU
		{F06BA399-7C5B-47D3-A02A-E13A4434EE05}.Release|Any CPU.ActiveCfg = Release|Any CPU
		{F06BA399-7C5B-47D3-A02A-E13A4434EE05}.Release|Any CPU.Build.0 = Release|Any CPU
		{879B5E5F-7A4D-4264-9778-B6B064C0E28F}.Debug|Any CPU.ActiveCfg = Debug|Any CPU
		{879B5E5F-7A4D-4264-9778-B6B064C0E28F}.Debug|Any CPU.Build.0 = Debug|Any CPU
		{879B5E5F-7A4D-4264-9778-B6B064C0E28F}.Release|Any CPU.ActiveCfg = Release|Any CPU
		{879B5E5F-7A4D-4264-9778-B6B064C0E28F}.Release|Any CPU.Build.0 = Release|Any CPU
	EndGlobalSection
EndGlobal
